// !$*UTF8*$!
{
	archiveVersion = 1;
	classes = {
	};
	objectVersion = 56;
	objects = {

/* Begin PBXBuildFile section */
		110060F42B132CC100E58296 /* WeatherButton.swift in Sources */ = {isa = PBXBuildFile; fileRef = 110060F32B132CC100E58296 /* WeatherButton.swift */; };
		111DEB322B331B9A00BE8CB7 /* BackgroundPanelView.swift in Sources */ = {isa = PBXBuildFile; fileRef = 111DEB312B331B9A00BE8CB7 /* BackgroundPanelView.swift */; };
		117234642B38944B0047BE80 /* ForecastHourElementView.swift in Sources */ = {isa = PBXBuildFile; fileRef = 117234632B38944B0047BE80 /* ForecastHourElementView.swift */; };
		11855CE22B220C6900EB4D2F /* BackgroundView.swift in Sources */ = {isa = PBXBuildFile; fileRef = 11855CE12B220C6900EB4D2F /* BackgroundView.swift */; };
		118E46F92B12932E006655C9 /* SwiftUI_WeatherApp.swift in Sources */ = {isa = PBXBuildFile; fileRef = 118E46F82B12932E006655C9 /* SwiftUI_WeatherApp.swift */; };
		118E46FB2B12932E006655C9 /* ContentView.swift in Sources */ = {isa = PBXBuildFile; fileRef = 118E46FA2B12932E006655C9 /* ContentView.swift */; };
		118E46FD2B12932F006655C9 /* Assets.xcassets in Resources */ = {isa = PBXBuildFile; fileRef = 118E46FC2B12932F006655C9 /* Assets.xcassets */; };
		118E47002B12932F006655C9 /* Preview Assets.xcassets in Resources */ = {isa = PBXBuildFile; fileRef = 118E46FF2B12932F006655C9 /* Preview Assets.xcassets */; };
		11AD590C2B15F3DF00C49C18 /* WeatherViews.swift in Sources */ = {isa = PBXBuildFile; fileRef = 11AD590B2B15F3DF00C49C18 /* WeatherViews.swift */; };
		11AE47EF2B19EDC8001B5E51 /* Utilities.swift in Sources */ = {isa = PBXBuildFile; fileRef = 11AE47EE2B19EDC8001B5E51 /* Utilities.swift */; };
		11B376912B389AA400936F88 /* ForecastHourView.swift in Sources */ = {isa = PBXBuildFile; fileRef = 11B376902B389AA400936F88 /* ForecastHourView.swift */; };
		11BAF3362B20EF8000657AD1 /* CurrentDayView.swift in Sources */ = {isa = PBXBuildFile; fileRef = 11BAF3352B20EF8000657AD1 /* CurrentDayView.swift */; };
		11CB16062B1531AB0014E41F /* Network.swift in Sources */ = {isa = PBXBuildFile; fileRef = 11CB16052B1531AB0014E41F /* Network.swift */; };
		11DE9C022B159F410004B4EA /* CurrentDayModel.swift in Sources */ = {isa = PBXBuildFile; fileRef = 11DE9C012B159F410004B4EA /* CurrentDayModel.swift */; };
		11E443872B37F08D001C34F2 /* WeatherParameterModel.swift in Sources */ = {isa = PBXBuildFile; fileRef = 11E443862B37F08D001C34F2 /* WeatherParameterModel.swift */; };
		11E443892B37F159001C34F2 /* WeatherParameterView.swift in Sources */ = {isa = PBXBuildFile; fileRef = 11E443882B37F159001C34F2 /* WeatherParameterView.swift */; };
		11E95CEE2B217F5C00C9EB15 /* ForecastDayModel.swift in Sources */ = {isa = PBXBuildFile; fileRef = 11E95CED2B217F5C00C9EB15 /* ForecastDayModel.swift */; };
/* End PBXBuildFile section */

/* Begin PBXFileReference section */
		110060F32B132CC100E58296 /* WeatherButton.swift */ = {isa = PBXFileReference; lastKnownFileType = sourcecode.swift; path = WeatherButton.swift; sourceTree = "<group>"; };
		111DEB312B331B9A00BE8CB7 /* BackgroundPanelView.swift */ = {isa = PBXFileReference; lastKnownFileType = sourcecode.swift; path = BackgroundPanelView.swift; sourceTree = "<group>"; };
		117234632B38944B0047BE80 /* ForecastHourElementView.swift */ = {isa = PBXFileReference; lastKnownFileType = sourcecode.swift; path = ForecastHourElementView.swift; sourceTree = "<group>"; };
		11855CE12B220C6900EB4D2F /* BackgroundView.swift */ = {isa = PBXFileReference; lastKnownFileType = sourcecode.swift; path = BackgroundView.swift; sourceTree = "<group>"; };
		118E46F52B12932E006655C9 /* SwiftUI-Weather.app */ = {isa = PBXFileReference; explicitFileType = wrapper.application; includeInIndex = 0; path = "SwiftUI-Weather.app"; sourceTree = BUILT_PRODUCTS_DIR; };
		118E46F82B12932E006655C9 /* SwiftUI_WeatherApp.swift */ = {isa = PBXFileReference; lastKnownFileType = sourcecode.swift; path = SwiftUI_WeatherApp.swift; sourceTree = "<group>"; };
		118E46FA2B12932E006655C9 /* ContentView.swift */ = {isa = PBXFileReference; lastKnownFileType = sourcecode.swift; path = ContentView.swift; sourceTree = "<group>"; };
		118E46FC2B12932F006655C9 /* Assets.xcassets */ = {isa = PBXFileReference; lastKnownFileType = folder.assetcatalog; path = Assets.xcassets; sourceTree = "<group>"; };
		118E46FF2B12932F006655C9 /* Preview Assets.xcassets */ = {isa = PBXFileReference; lastKnownFileType = folder.assetcatalog; path = "Preview Assets.xcassets"; sourceTree = "<group>"; };
		11AD590B2B15F3DF00C49C18 /* WeatherViews.swift */ = {isa = PBXFileReference; lastKnownFileType = sourcecode.swift; path = WeatherViews.swift; sourceTree = "<group>"; };
		11AE47EE2B19EDC8001B5E51 /* Utilities.swift */ = {isa = PBXFileReference; lastKnownFileType = sourcecode.swift; path = Utilities.swift; sourceTree = "<group>"; };
		11B376902B389AA400936F88 /* ForecastHourView.swift */ = {isa = PBXFileReference; lastKnownFileType = sourcecode.swift; path = ForecastHourView.swift; sourceTree = "<group>"; };
		11BAF3352B20EF8000657AD1 /* CurrentDayView.swift */ = {isa = PBXFileReference; lastKnownFileType = sourcecode.swift; path = CurrentDayView.swift; sourceTree = "<group>"; };
		11BAF3372B20F43600657AD1 /* UtilityPlayground.playground */ = {isa = PBXFileReference; lastKnownFileType = file.playground; path = UtilityPlayground.playground; sourceTree = "<group>"; xcLanguageSpecificationIdentifier = xcode.lang.swift; };
		11CB16052B1531AB0014E41F /* Network.swift */ = {isa = PBXFileReference; lastKnownFileType = sourcecode.swift; path = Network.swift; sourceTree = "<group>"; };
		11DE9C012B159F410004B4EA /* CurrentDayModel.swift */ = {isa = PBXFileReference; lastKnownFileType = sourcecode.swift; path = CurrentDayModel.swift; sourceTree = "<group>"; };
		11DE9C032B15AAA30004B4EA /* Info.plist */ = {isa = PBXFileReference; lastKnownFileType = text.plist; path = Info.plist; sourceTree = "<group>"; };
		11E443862B37F08D001C34F2 /* WeatherParameterModel.swift */ = {isa = PBXFileReference; lastKnownFileType = sourcecode.swift; path = WeatherParameterModel.swift; sourceTree = "<group>"; };
		11E443882B37F159001C34F2 /* WeatherParameterView.swift */ = {isa = PBXFileReference; lastKnownFileType = sourcecode.swift; path = WeatherParameterView.swift; sourceTree = "<group>"; };
		11E95CED2B217F5C00C9EB15 /* ForecastDayModel.swift */ = {isa = PBXFileReference; lastKnownFileType = sourcecode.swift; path = ForecastDayModel.swift; sourceTree = "<group>"; };
		11F1D8242B1D13420067B328 /* NetworkPlayground.playground */ = {isa = PBXFileReference; lastKnownFileType = file.playground; path = NetworkPlayground.playground; sourceTree = "<group>"; xcLanguageSpecificationIdentifier = xcode.lang.swift; };
/* End PBXFileReference section */

/* Begin PBXFrameworksBuildPhase section */
		118E46F22B12932E006655C9 /* Frameworks */ = {
			isa = PBXFrameworksBuildPhase;
			buildActionMask = 2147483647;
			files = (
			);
			runOnlyForDeploymentPostprocessing = 0;
		};
/* End PBXFrameworksBuildPhase section */

/* Begin PBXGroup section */
		117234622B3894070047BE80 /* ForecastHourElement */ = {
			isa = PBXGroup;
			children = (
				117234632B38944B0047BE80 /* ForecastHourElementView.swift */,
			);
			path = ForecastHourElement;
			sourceTree = "<group>";
		};
		118E46EC2B12932E006655C9 = {
			isa = PBXGroup;
			children = (
				118E46F72B12932E006655C9 /* SwiftUI-Weather */,
				118E46F62B12932E006655C9 /* Products */,
			);
			sourceTree = "<group>";
		};
		118E46F62B12932E006655C9 /* Products */ = {
			isa = PBXGroup;
			children = (
				118E46F52B12932E006655C9 /* SwiftUI-Weather.app */,
			);
			name = Products;
			sourceTree = "<group>";
		};
		118E46F72B12932E006655C9 /* SwiftUI-Weather */ = {
			isa = PBXGroup;
			children = (
				11E443832B37EFFD001C34F2 /* Reusable views */,
				11E443812B37EFD2001C34F2 /* View-Model pairs */,
				11DE9C032B15AAA30004B4EA /* Info.plist */,
				118E46F82B12932E006655C9 /* SwiftUI_WeatherApp.swift */,
				118E46FA2B12932E006655C9 /* ContentView.swift */,
				11AD590B2B15F3DF00C49C18 /* WeatherViews.swift */,
				11CB16052B1531AB0014E41F /* Network.swift */,
				118E46FC2B12932F006655C9 /* Assets.xcassets */,
				118E46FE2B12932F006655C9 /* Preview Content */,
				110060F32B132CC100E58296 /* WeatherButton.swift */,
				11AE47EE2B19EDC8001B5E51 /* Utilities.swift */,
				11F1D8242B1D13420067B328 /* NetworkPlayground.playground */,
				11BAF3372B20F43600657AD1 /* UtilityPlayground.playground */,
				11E95CED2B217F5C00C9EB15 /* ForecastDayModel.swift */,
			);
			path = "SwiftUI-Weather";
			sourceTree = "<group>";
		};
		118E46FE2B12932F006655C9 /* Preview Content */ = {
			isa = PBXGroup;
			children = (
				118E46FF2B12932F006655C9 /* Preview Assets.xcassets */,
			);
			path = "Preview Content";
			sourceTree = "<group>";
		};
		11B3768F2B389A9400936F88 /* ForecastHour */ = {
			isa = PBXGroup;
			children = (
				11B376902B389AA400936F88 /* ForecastHourView.swift */,
			);
			path = ForecastHour;
			sourceTree = "<group>";
		};
		11E443812B37EFD2001C34F2 /* View-Model pairs */ = {
			isa = PBXGroup;
			children = (
				11B3768F2B389A9400936F88 /* ForecastHour */,
				117234622B3894070047BE80 /* ForecastHourElement */,
				11E443852B37F04E001C34F2 /* Weather parameter */,
				11E443842B37F003001C34F2 /* Current day */,
			);
			path = "View-Model pairs";
			sourceTree = "<group>";
		};
		11E443832B37EFFD001C34F2 /* Reusable views */ = {
			isa = PBXGroup;
			children = (
				11855CE12B220C6900EB4D2F /* BackgroundView.swift */,
				111DEB312B331B9A00BE8CB7 /* BackgroundPanelView.swift */,
			);
			path = "Reusable views";
			sourceTree = "<group>";
		};
		11E443842B37F003001C34F2 /* Current day */ = {
			isa = PBXGroup;
			children = (
				11DE9C012B159F410004B4EA /* CurrentDayModel.swift */,
				11BAF3352B20EF8000657AD1 /* CurrentDayView.swift */,
			);
			path = "Current day";
			sourceTree = "<group>";
		};
		11E443852B37F04E001C34F2 /* Weather parameter */ = {
			isa = PBXGroup;
			children = (
				11E443862B37F08D001C34F2 /* WeatherParameterModel.swift */,
				11E443882B37F159001C34F2 /* WeatherParameterView.swift */,
			);
			path = "Weather parameter";
			sourceTree = "<group>";
		};
/* End PBXGroup section */

/* Begin PBXNativeTarget section */
		118E46F42B12932E006655C9 /* SwiftUI-Weather */ = {
			isa = PBXNativeTarget;
			buildConfigurationList = 118E47032B12932F006655C9 /* Build configuration list for PBXNativeTarget "SwiftUI-Weather" */;
			buildPhases = (
				118E46F12B12932E006655C9 /* Sources */,
				118E46F22B12932E006655C9 /* Frameworks */,
				118E46F32B12932E006655C9 /* Resources */,
			);
			buildRules = (
			);
			dependencies = (
			);
			name = "SwiftUI-Weather";
			productName = "SwiftUI-Weather";
			productReference = 118E46F52B12932E006655C9 /* SwiftUI-Weather.app */;
			productType = "com.apple.product-type.application";
		};
/* End PBXNativeTarget section */

/* Begin PBXProject section */
		118E46ED2B12932E006655C9 /* Project object */ = {
			isa = PBXProject;
			attributes = {
				BuildIndependentTargetsInParallel = 1;
				LastSwiftUpdateCheck = 1500;
				LastUpgradeCheck = 1500;
				TargetAttributes = {
					118E46F42B12932E006655C9 = {
						CreatedOnToolsVersion = 15.0.1;
					};
				};
			};
			buildConfigurationList = 118E46F02B12932E006655C9 /* Build configuration list for PBXProject "SwiftUI-Weather" */;
			compatibilityVersion = "Xcode 14.0";
			developmentRegion = en;
			hasScannedForEncodings = 0;
			knownRegions = (
				en,
				Base,
			);
			mainGroup = 118E46EC2B12932E006655C9;
			productRefGroup = 118E46F62B12932E006655C9 /* Products */;
			projectDirPath = "";
			projectRoot = "";
			targets = (
				118E46F42B12932E006655C9 /* SwiftUI-Weather */,
			);
		};
/* End PBXProject section */

/* Begin PBXResourcesBuildPhase section */
		118E46F32B12932E006655C9 /* Resources */ = {
			isa = PBXResourcesBuildPhase;
			buildActionMask = 2147483647;
			files = (
				118E47002B12932F006655C9 /* Preview Assets.xcassets in Resources */,
				118E46FD2B12932F006655C9 /* Assets.xcassets in Resources */,
			);
			runOnlyForDeploymentPostprocessing = 0;
		};
/* End PBXResourcesBuildPhase section */

/* Begin PBXSourcesBuildPhase section */
		118E46F12B12932E006655C9 /* Sources */ = {
			isa = PBXSourcesBuildPhase;
			buildActionMask = 2147483647;
			files = (
				11E443872B37F08D001C34F2 /* WeatherParameterModel.swift in Sources */,
				11855CE22B220C6900EB4D2F /* BackgroundView.swift in Sources */,
				11AE47EF2B19EDC8001B5E51 /* Utilities.swift in Sources */,
				11B376912B389AA400936F88 /* ForecastHourView.swift in Sources */,
				11E443892B37F159001C34F2 /* WeatherParameterView.swift in Sources */,
				11E95CEE2B217F5C00C9EB15 /* ForecastDayModel.swift in Sources */,
				11DE9C022B159F410004B4EA /* CurrentDayModel.swift in Sources */,
				11AD590C2B15F3DF00C49C18 /* WeatherViews.swift in Sources */,
				111DEB322B331B9A00BE8CB7 /* BackgroundPanelView.swift in Sources */,
				118E46FB2B12932E006655C9 /* ContentView.swift in Sources */,
				118E46F92B12932E006655C9 /* SwiftUI_WeatherApp.swift in Sources */,
				11CB16062B1531AB0014E41F /* Network.swift in Sources */,
				117234642B38944B0047BE80 /* ForecastHourElementView.swift in Sources */,
				110060F42B132CC100E58296 /* WeatherButton.swift in Sources */,
				11BAF3362B20EF8000657AD1 /* CurrentDayView.swift in Sources */,
			);
			runOnlyForDeploymentPostprocessing = 0;
		};
/* End PBXSourcesBuildPhase section */

/* Begin XCBuildConfiguration section */
		118E47012B12932F006655C9 /* Debug */ = {
			isa = XCBuildConfiguration;
			buildSettings = {
				ALWAYS_SEARCH_USER_PATHS = NO;
				ASSETCATALOG_COMPILER_GENERATE_SWIFT_ASSET_SYMBOL_EXTENSIONS = YES;
				CLANG_ANALYZER_NONNULL = YES;
				CLANG_ANALYZER_NUMBER_OBJECT_CONVERSION = YES_AGGRESSIVE;
				CLANG_CXX_LANGUAGE_STANDARD = "gnu++20";
				CLANG_ENABLE_MODULES = YES;
				CLANG_ENABLE_OBJC_ARC = YES;
				CLANG_ENABLE_OBJC_WEAK = YES;
				CLANG_WARN_BLOCK_CAPTURE_AUTORELEASING = YES;
				CLANG_WARN_BOOL_CONVERSION = YES;
				CLANG_WARN_COMMA = YES;
				CLANG_WARN_CONSTANT_CONVERSION = YES;
				CLANG_WARN_DEPRECATED_OBJC_IMPLEMENTATIONS = YES;
				CLANG_WARN_DIRECT_OBJC_ISA_USAGE = YES_ERROR;
				CLANG_WARN_DOCUMENTATION_COMMENTS = YES;
				CLANG_WARN_EMPTY_BODY = YES;
				CLANG_WARN_ENUM_CONVERSION = YES;
				CLANG_WARN_INFINITE_RECURSION = YES;
				CLANG_WARN_INT_CONVERSION = YES;
				CLANG_WARN_NON_LITERAL_NULL_CONVERSION = YES;
				CLANG_WARN_OBJC_IMPLICIT_RETAIN_SELF = YES;
				CLANG_WARN_OBJC_LITERAL_CONVERSION = YES;
				CLANG_WARN_OBJC_ROOT_CLASS = YES_ERROR;
				CLANG_WARN_QUOTED_INCLUDE_IN_FRAMEWORK_HEADER = YES;
				CLANG_WARN_RANGE_LOOP_ANALYSIS = YES;
				CLANG_WARN_STRICT_PROTOTYPES = YES;
				CLANG_WARN_SUSPICIOUS_MOVE = YES;
				CLANG_WARN_UNGUARDED_AVAILABILITY = YES_AGGRESSIVE;
				CLANG_WARN_UNREACHABLE_CODE = YES;
				CLANG_WARN__DUPLICATE_METHOD_MATCH = YES;
				COPY_PHASE_STRIP = NO;
				DEBUG_INFORMATION_FORMAT = dwarf;
				ENABLE_STRICT_OBJC_MSGSEND = YES;
				ENABLE_TESTABILITY = YES;
				ENABLE_USER_SCRIPT_SANDBOXING = YES;
				GCC_C_LANGUAGE_STANDARD = gnu17;
				GCC_DYNAMIC_NO_PIC = NO;
				GCC_NO_COMMON_BLOCKS = YES;
				GCC_OPTIMIZATION_LEVEL = 0;
				GCC_PREPROCESSOR_DEFINITIONS = (
					"DEBUG=1",
					"$(inherited)",
				);
				GCC_WARN_64_TO_32_BIT_CONVERSION = YES;
				GCC_WARN_ABOUT_RETURN_TYPE = YES_ERROR;
				GCC_WARN_UNDECLARED_SELECTOR = YES;
				GCC_WARN_UNINITIALIZED_AUTOS = YES_AGGRESSIVE;
				GCC_WARN_UNUSED_FUNCTION = YES;
				GCC_WARN_UNUSED_VARIABLE = YES;
				IPHONEOS_DEPLOYMENT_TARGET = 17.0;
				LOCALIZATION_PREFERS_STRING_CATALOGS = YES;
				MTL_ENABLE_DEBUG_INFO = INCLUDE_SOURCE;
				MTL_FAST_MATH = YES;
				ONLY_ACTIVE_ARCH = YES;
				SDKROOT = iphoneos;
				SWIFT_ACTIVE_COMPILATION_CONDITIONS = "DEBUG $(inherited)";
				SWIFT_OPTIMIZATION_LEVEL = "-Onone";
			};
			name = Debug;
		};
		118E47022B12932F006655C9 /* Release */ = {
			isa = XCBuildConfiguration;
			buildSettings = {
				ALWAYS_SEARCH_USER_PATHS = NO;
				ASSETCATALOG_COMPILER_GENERATE_SWIFT_ASSET_SYMBOL_EXTENSIONS = YES;
				CLANG_ANALYZER_NONNULL = YES;
				CLANG_ANALYZER_NUMBER_OBJECT_CONVERSION = YES_AGGRESSIVE;
				CLANG_CXX_LANGUAGE_STANDARD = "gnu++20";
				CLANG_ENABLE_MODULES = YES;
				CLANG_ENABLE_OBJC_ARC = YES;
				CLANG_ENABLE_OBJC_WEAK = YES;
				CLANG_WARN_BLOCK_CAPTURE_AUTORELEASING = YES;
				CLANG_WARN_BOOL_CONVERSION = YES;
				CLANG_WARN_COMMA = YES;
				CLANG_WARN_CONSTANT_CONVERSION = YES;
				CLANG_WARN_DEPRECATED_OBJC_IMPLEMENTATIONS = YES;
				CLANG_WARN_DIRECT_OBJC_ISA_USAGE = YES_ERROR;
				CLANG_WARN_DOCUMENTATION_COMMENTS = YES;
				CLANG_WARN_EMPTY_BODY = YES;
				CLANG_WARN_ENUM_CONVERSION = YES;
				CLANG_WARN_INFINITE_RECURSION = YES;
				CLANG_WARN_INT_CONVERSION = YES;
				CLANG_WARN_NON_LITERAL_NULL_CONVERSION = YES;
				CLANG_WARN_OBJC_IMPLICIT_RETAIN_SELF = YES;
				CLANG_WARN_OBJC_LITERAL_CONVERSION = YES;
				CLANG_WARN_OBJC_ROOT_CLASS = YES_ERROR;
				CLANG_WARN_QUOTED_INCLUDE_IN_FRAMEWORK_HEADER = YES;
				CLANG_WARN_RANGE_LOOP_ANALYSIS = YES;
				CLANG_WARN_STRICT_PROTOTYPES = YES;
				CLANG_WARN_SUSPICIOUS_MOVE = YES;
				CLANG_WARN_UNGUARDED_AVAILABILITY = YES_AGGRESSIVE;
				CLANG_WARN_UNREACHABLE_CODE = YES;
				CLANG_WARN__DUPLICATE_METHOD_MATCH = YES;
				COPY_PHASE_STRIP = NO;
				DEBUG_INFORMATION_FORMAT = "dwarf-with-dsym";
				ENABLE_NS_ASSERTIONS = NO;
				ENABLE_STRICT_OBJC_MSGSEND = YES;
				ENABLE_USER_SCRIPT_SANDBOXING = YES;
				GCC_C_LANGUAGE_STANDARD = gnu17;
				GCC_NO_COMMON_BLOCKS = YES;
				GCC_WARN_64_TO_32_BIT_CONVERSION = YES;
				GCC_WARN_ABOUT_RETURN_TYPE = YES_ERROR;
				GCC_WARN_UNDECLARED_SELECTOR = YES;
				GCC_WARN_UNINITIALIZED_AUTOS = YES_AGGRESSIVE;
				GCC_WARN_UNUSED_FUNCTION = YES;
				GCC_WARN_UNUSED_VARIABLE = YES;
				IPHONEOS_DEPLOYMENT_TARGET = 17.0;
				LOCALIZATION_PREFERS_STRING_CATALOGS = YES;
				MTL_ENABLE_DEBUG_INFO = NO;
				MTL_FAST_MATH = YES;
				SDKROOT = iphoneos;
				SWIFT_COMPILATION_MODE = wholemodule;
				VALIDATE_PRODUCT = YES;
			};
			name = Release;
		};
		118E47042B12932F006655C9 /* Debug */ = {
			isa = XCBuildConfiguration;
			buildSettings = {
				ASSETCATALOG_COMPILER_APPICON_NAME = AppIcon;
				ASSETCATALOG_COMPILER_GLOBAL_ACCENT_COLOR_NAME = AccentColor;
				CODE_SIGN_STYLE = Automatic;
				CURRENT_PROJECT_VERSION = 1;
				DEVELOPMENT_ASSET_PATHS = "\"SwiftUI-Weather/Preview Content\"";
				DEVELOPMENT_TEAM = Q9T68J2P2N;
				ENABLE_PREVIEWS = YES;
				GENERATE_INFOPLIST_FILE = YES;
				INFOPLIST_FILE = "SwiftUI-Weather/Info.plist";
				INFOPLIST_KEY_UIApplicationSceneManifest_Generation = YES;
				INFOPLIST_KEY_UIApplicationSupportsIndirectInputEvents = YES;
				INFOPLIST_KEY_UILaunchScreen_Generation = YES;
				INFOPLIST_KEY_UISupportedInterfaceOrientations_iPad = "UIInterfaceOrientationPortrait UIInterfaceOrientationPortraitUpsideDown UIInterfaceOrientationLandscapeLeft UIInterfaceOrientationLandscapeRight";
				INFOPLIST_KEY_UISupportedInterfaceOrientations_iPhone = "UIInterfaceOrientationPortrait UIInterfaceOrientationLandscapeLeft UIInterfaceOrientationLandscapeRight";
				LD_RUNPATH_SEARCH_PATHS = (
					"$(inherited)",
					"@executable_path/Frameworks",
				);
				MARKETING_VERSION = 1.0;
				PRODUCT_BUNDLE_IDENTIFIER = "vislofie.SwiftUI-Weather";
				PRODUCT_NAME = "$(TARGET_NAME)";
				SWIFT_EMIT_LOC_STRINGS = YES;
				SWIFT_VERSION = 5.0;
				TARGETED_DEVICE_FAMILY = "1,2";
			};
			name = Debug;
		};
		118E47052B12932F006655C9 /* Release */ = {
			isa = XCBuildConfiguration;
			buildSettings = {
				ASSETCATALOG_COMPILER_APPICON_NAME = AppIcon;
				ASSETCATALOG_COMPILER_GLOBAL_ACCENT_COLOR_NAME = AccentColor;
				CODE_SIGN_STYLE = Automatic;
				CURRENT_PROJECT_VERSION = 1;
				DEVELOPMENT_ASSET_PATHS = "\"SwiftUI-Weather/Preview Content\"";
				DEVELOPMENT_TEAM = Q9T68J2P2N;
				ENABLE_PREVIEWS = YES;
				GENERATE_INFOPLIST_FILE = YES;
				INFOPLIST_FILE = "SwiftUI-Weather/Info.plist";
				INFOPLIST_KEY_UIApplicationSceneManifest_Generation = YES;
				INFOPLIST_KEY_UIApplicationSupportsIndirectInputEvents = YES;
				INFOPLIST_KEY_UILaunchScreen_Generation = YES;
				INFOPLIST_KEY_UISupportedInterfaceOrientations_iPad = "UIInterfaceOrientationPortrait UIInterfaceOrientationPortraitUpsideDown UIInterfaceOrientationLandscapeLeft UIInterfaceOrientationLandscapeRight";
				INFOPLIST_KEY_UISupportedInterfaceOrientations_iPhone = "UIInterfaceOrientationPortrait UIInterfaceOrientationLandscapeLeft UIInterfaceOrientationLandscapeRight";
				LD_RUNPATH_SEARCH_PATHS = (
					"$(inherited)",
					"@executable_path/Frameworks",
				);
				MARKETING_VERSION = 1.0;
				PRODUCT_BUNDLE_IDENTIFIER = "vislofie.SwiftUI-Weather";
				PRODUCT_NAME = "$(TARGET_NAME)";
				SWIFT_EMIT_LOC_STRINGS = YES;
				SWIFT_VERSION = 5.0;
				TARGETED_DEVICE_FAMILY = "1,2";
			};
			name = Release;
		};
/* End XCBuildConfiguration section */

/* Begin XCConfigurationList section */
		118E46F02B12932E006655C9 /* Build configuration list for PBXProject "SwiftUI-Weather" */ = {
			isa = XCConfigurationList;
			buildConfigurations = (
				118E47012B12932F006655C9 /* Debug */,
				118E47022B12932F006655C9 /* Release */,
			);
			defaultConfigurationIsVisible = 0;
			defaultConfigurationName = Release;
		};
		118E47032B12932F006655C9 /* Build configuration list for PBXNativeTarget "SwiftUI-Weather" */ = {
			isa = XCConfigurationList;
			buildConfigurations = (
				118E47042B12932F006655C9 /* Debug */,
				118E47052B12932F006655C9 /* Release */,
			);
			defaultConfigurationIsVisible = 0;
			defaultConfigurationName = Release;
		};
/* End XCConfigurationList section */
	};
	rootObject = 118E46ED2B12932E006655C9 /* Project object */;
}
